
Microsoft Visual Studio Solution File, Format Version 12.00
# Visual Studio Version 16
VisualStudioVersion = 16.0.32106.194
MinimumVisualStudioVersion = 10.0.40219.1
Project("{FAE04EC0-301F-11D3-BF4B-00C04F79EFBC}") = "16032022_DurumYonetimi", "16032022_DurumYonetimi\16032022_DurumYonetimi.csproj", "{B618562E-6276-4D1F-B969-8E05F50474EE}"
EndProject
Global
	GlobalSection(SolutionConfigurationPlatforms) = preSolution
		Debug|Any CPU = Debug|Any CPU
		Release|Any CPU = Release|Any CPU
	EndGlobalSection
	GlobalSection(ProjectConfigurationPlatforms) = postSolution
		{B618562E-6276-4D1F-B969-8E05F50474EE}.Debug|Any CPU.ActiveCfg = Debug|Any CPU
		{B618562E-6276-4D1F-B969-8E05F50474EE}.Debug|Any CPU.Build.0 = Debug|Any CPU
		{B618562E-6276-4D1F-B969-8E05F50474EE}.Release|Any CPU.ActiveCfg = Release|Any CPU
		{B618562E-6276-4D1F-B969-8E05F50474EE}.Release|Any CPU.Build.0 = Release|Any CPU
	EndGlobalSection
	GlobalSection(SolutionProperties) = preSolution
		HideSolutionNode = FALSE
	EndGlobalSection
	GlobalSection(ExtensibilityGlobals) = postSolution
		SolutionGuid = {D8B97426-B213-48B0-9182-CC1767594AD3}
	EndGlobalSection
EndGlobal
